
Microsoft Visual Studio Solution File, Format Version 12.00
# Visual Studio Version 16
VisualStudioVersion = 16.0.30804.86
MinimumVisualStudioVersion = 10.0.40219.1
Project("{9A19103F-16F7-4668-BE54-9A1E7A4F7556}") = "OMDB_API", "OMDB_API\OMDB_API.csproj", "{ED563976-4A22-4082-BC18-EC2774523339}"
EndProject
Project("{FAE04EC0-301F-11D3-BF4B-00C04F79EFBC}") = "OMDB_API_Test", "OMDB_API_Test\OMDB_API_Test.csproj", "{13EDCF00-D123-480A-BB30-75278E247317}"
EndProject
Global
	GlobalSection(SolutionConfigurationPlatforms) = preSolution
		Debug|Any CPU = Debug|Any CPU
		Release|Any CPU = Release|Any CPU
	EndGlobalSection
	GlobalSection(ProjectConfigurationPlatforms) = postSolution
		{ED563976-4A22-4082-BC18-EC2774523339}.Debug|Any CPU.ActiveCfg = Debug|Any CPU
		{ED563976-4A22-4082-BC18-EC2774523339}.Debug|Any CPU.Build.0 = Debug|Any CPU
		{ED563976-4A22-4082-BC18-EC2774523339}.Release|Any CPU.ActiveCfg = Release|Any CPU
		{ED563976-4A22-4082-BC18-EC2774523339}.Release|Any CPU.Build.0 = Release|Any CPU
		{13EDCF00-D123-480A-BB30-75278E247317}.Debug|Any CPU.ActiveCfg = Debug|Any CPU
		{13EDCF00-D123-480A-BB30-75278E247317}.Debug|Any CPU.Build.0 = Debug|Any CPU
		{13EDCF00-D123-480A-BB30-75278E247317}.Release|Any CPU.ActiveCfg = Release|Any CPU
		{13EDCF00-D123-480A-BB30-75278E247317}.Release|Any CPU.Build.0 = Release|Any CPU
	EndGlobalSection
	GlobalSection(SolutionProperties) = preSolution
		HideSolutionNode = FALSE
	EndGlobalSection
	GlobalSection(ExtensibilityGlobals) = postSolution
		SolutionGuid = {78330704-23EE-4D28-98A9-F663222286D3}
	EndGlobalSection
EndGlobal
